
Microsoft Visual Studio Solution File, Format Version 12.00
# Visual Studio Version 16
VisualStudioVersion = 16.0.29503.13
MinimumVisualStudioVersion = 10.0.40219.1
Project("{FAE04EC0-301F-11D3-BF4B-00C04F79EFBC}") = "YahooGroups", "YahooGroups\YahooGroups.csproj", "{0F0DEBE0-7273-4AB2-9C4C-AF0EA3EBA3B0}"
EndProject
Global
	GlobalSection(SolutionConfigurationPlatforms) = preSolution
		Debug|Any CPU = Debug|Any CPU
		Release|Any CPU = Release|Any CPU
	EndGlobalSection
	GlobalSection(ProjectConfigurationPlatforms) = postSolution
		{0F0DEBE0-7273-4AB2-9C4C-AF0EA3EBA3B0}.Debug|Any CPU.ActiveCfg = Debug|Any CPU
		{0F0DEBE0-7273-4AB2-9C4C-AF0EA3EBA3B0}.Debug|Any CPU.Build.0 = Debug|Any CPU
		{0F0DEBE0-7273-4AB2-9C4C-AF0EA3EBA3B0}.Release|Any CPU.ActiveCfg = Release|Any CPU
		{0F0DEBE0-7273-4AB2-9C4C-AF0EA3EBA3B0}.Release|Any CPU.Build.0 = Release|Any CPU
	EndGlobalSection
	GlobalSection(SolutionProperties) = preSolution
		HideSolutionNode = FALSE
	EndGlobalSection
	GlobalSection(ExtensibilityGlobals) = postSolution
		SolutionGuid = {AF617508-29E6-460E-9749-27BB5EE57087}
	EndGlobalSection
EndGlobal
